{
    "_meta": {
        "hash": {
            "sha256": "6a54de0616b24b63c545fdc30b05abd4240662a921168fa8e0155e00590abe62"
        },
        "pipfile-spec": 6,
        "requires": {
            "python_version": "3.9"
        },
        "sources": [
            {
                "name": "pypi",
                "url": "https://pypi.org/simple",
                "verify_ssl": true
            }
        ]
    },
    "default": {
        "click": {
            "hashes": [
                "sha256:d2b5255c7c6349bc1bd1e59e08cd12acbbd63ce649f2588755783aa94dfb6b1a",
                "sha256:dacca89f4bfadd5de3d7489b7c8a566eee0d3676333fbb50030263894c38c0dc"
            ],
            "index": "pypi",
            "version": "==7.1.2"
        },
        "convert-fgd-dem": {
            "git": "https://github.com/MIERUNE/convert_fgd_dem",
            "ref": "488af4c153702193910568a023252c2a780ece34"
        },
        "gdal": {
            "hashes": [
                "sha256:ed314a0b3f8b3729a9f6d8ca23f21473c2ff4a946d1a2969e0a1937bf0f4e700"
            ],
            "markers": "python_full_version >= '3.6.0'",
            "version": "==3.3.0"
        },
        "numpy": {
            "hashes": [
                "sha256:1a784e8ff7ea2a32e393cc53eb0003eca1597c7ca628227e34ce34eb11645a0e",
                "sha256:2ba579dde0563f47021dcd652253103d6fd66165b18011dce1a0609215b2791e",
                "sha256:3537b967b350ad17633b35c2f4b1a1bbd258c018910b518c30b48c8e41272717",
                "sha256:3c40e6b860220ed862e8097b8f81c9af6d7405b723f4a7af24a267b46f90e461",
                "sha256:598fe100b2948465cf3ed64b1a326424b5e4be2670552066e17dfaa67246011d",
                "sha256:620732f42259eb2c4642761bd324462a01cdd13dd111740ce3d344992dd8492f",
                "sha256:709884863def34d72b183d074d8ba5cfe042bc3ff8898f1ffad0209161caaa99",
                "sha256:75579acbadbf74e3afd1153da6177f846212ea2a0cc77de53523ae02c9256513",
                "sha256:7c55407f739f0bfcec67d0df49103f9333edc870061358ac8a8c9e37ea02fcd2",
                "sha256:a1f2fb2da242568af0271455b89aee0f71e4e032086ee2b4c5098945d0e11cf6",
                "sha256:a290989cd671cd0605e9c91a70e6df660f73ae87484218e8285c6522d29f6e38",
                "sha256:ac4fd578322842dbda8d968e3962e9f22e862b6ec6e3378e7415625915e2da4d",
                "sha256:ad09f55cc95ed8d80d8ab2052f78cc21cb231764de73e229140d81ff49d8145e",
                "sha256:b9205711e5440954f861ceeea8f1b415d7dd15214add2e878b4d1cf2bcb1a914",
                "sha256:bba474a87496d96e61461f7306fba2ebba127bed7836212c360f144d1e72ac54",
                "sha256:bebab3eaf0641bba26039fb0b2c5bf9b99407924b53b1ea86e03c32c64ef5aef",
                "sha256:cc367c86eb87e5b7c9592935620f22d13b090c609f1b27e49600cd033b529f54",
                "sha256:ccc6c650f8700ce1e3a77668bb7c43e45c20ac06ae00d22bdf6760b38958c883",
                "sha256:cf680682ad0a3bef56dae200dbcbac2d57294a73e5b0f9864955e7dd7c2c2491",
                "sha256:d2910d0a075caed95de1a605df00ee03b599de5419d0b95d55342e9a33ad1fb3",
                "sha256:d5caa946a9f55511e76446e170bdad1d12d6b54e17a2afe7b189112ed4412bb8",
                "sha256:d89b0dc7f005090e32bb4f9bf796e1dcca6b52243caf1803fdd2b748d8561f63",
                "sha256:d95d16204cd51ff1a1c8d5f9958ce90ae190be81d348b514f9be39f878b8044a",
                "sha256:e4d5a86a5257843a18fb1220c5f1c199532bc5d24e849ed4b0289fb59fbd4d8f",
                "sha256:e58ddb53a7b4959932f5582ac455ff90dcb05fac3f8dcc8079498d43afbbde6c",
                "sha256:e80fe25cba41c124d04c662f33f6364909b985f2eb5998aaa5ae4b9587242cce",
                "sha256:eda2829af498946c59d8585a9fd74da3f810866e05f8df03a86f70079c7531dd",
                "sha256:fd0a359c1c17f00cb37de2969984a74320970e0ceef4808c32e00773b06649d9"
            ],
            "index": "pypi",
            "version": "==1.21.0"
        }
    },
    "develop": {
        "autopep8": {
            "hashes": [
                "sha256:276ced7e9e3cb22e5d7c14748384a5cf5d9002257c0ed50c0e075b68011bb6d0",
                "sha256:aa213493c30dcdac99537249ee65b24af0b2c29f2e83cd8b3f68760441ed0db9"
            ],
            "index": "pypi",
            "version": "==1.5.7"
        },
        "flake8": {
            "hashes": [
                "sha256:07528381786f2a6237b061f6e96610a4167b226cb926e2aa2b6b1d78057c576b",
                "sha256:bf8fd333346d844f616e8d47905ef3a3384edae6b4e9beb0c5101e25e3110907"
            ],
            "index": "pypi",
            "version": "==3.9.2"
        },
        "isort": {
            "hashes": [
                "sha256:83510593e07e433b77bd5bff0f6f607dbafa06d1a89022616f02d8b699cfcd56",
                "sha256:8e2c107091cfec7286bc0f68a547d0ba4c094d460b732075b6fba674f1035c0c"
            ],
            "index": "pypi",
            "version": "==5.9.1"
        },
        "mccabe": {
            "hashes": [
                "sha256:ab8a6258860da4b6677da4bd2fe5dc2c659cff31b3ee4f7f5d64e79735b80d42",
                "sha256:dd8d182285a0fe56bace7f45b5e7d1a6ebcbf524e8f3bd87eb0f125271b8831f"
            ],
            "version": "==0.6.1"
        },
        "pycodestyle": {
            "hashes": [
                "sha256:514f76d918fcc0b55c6680472f0a37970994e07bbb80725808c17089be302068",
                "sha256:c389c1d06bf7904078ca03399a4816f974a1d590090fecea0c63ec26ebaf1cef"
            ],
            "markers": "python_version >= '2.7' and python_version not in '3.0, 3.1, 3.2, 3.3'",
            "version": "==2.7.0"
        },
        "pyflakes": {
            "hashes": [
                "sha256:7893783d01b8a89811dd72d7dfd4d84ff098e5eed95cfa8905b22bbffe52efc3",
                "sha256:f5bc8ecabc05bb9d291eb5203d6810b49040f6ff446a756326104746cc00c1db"
            ],
            "markers": "python_version >= '2.7' and python_version not in '3.0, 3.1, 3.2, 3.3'",
            "version": "==2.3.1"
        },
        "toml": {
            "hashes": [
                "sha256:806143ae5bfb6a3c6e736a764057db0e6a0e05e338b5630894a5f779cabb4f9b",
                "sha256:b3bda1d108d5dd99f4a20d24d9c348e91c4db7ab1b749200bded2f839ccbe68f"
            ],
            "markers": "python_version >= '2.6' and python_version not in '3.0, 3.1, 3.2, 3.3'",
            "version": "==0.10.2"
        }
    }
}
